
Microsoft Visual Studio Solution File, Format Version 12.00
# Visual Studio 15
Project("{FAE04EC0-301F-11D3-BF4B-00C04F79EFBC}") = "DotNetTcpFramework", "DotNetTcpFramework.csproj", "{62D9BDFA-AB8A-43E5-A20B-BB1680B3643E}"
EndProject
Global
	GlobalSection(SolutionConfigurationPlatforms) = preSolution
		Debug|Any CPU = Debug|Any CPU
		Release|Any CPU = Release|Any CPU
	EndGlobalSection
	GlobalSection(ProjectConfigurationPlatforms) = postSolution
		{62D9BDFA-AB8A-43E5-A20B-BB1680B3643E}.Debug|Any CPU.ActiveCfg = Debug|Any CPU
		{62D9BDFA-AB8A-43E5-A20B-BB1680B3643E}.Debug|Any CPU.Build.0 = Debug|Any CPU
		{62D9BDFA-AB8A-43E5-A20B-BB1680B3643E}.Release|Any CPU.ActiveCfg = Release|Any CPU
		{62D9BDFA-AB8A-43E5-A20B-BB1680B3643E}.Release|Any CPU.Build.0 = Release|Any CPU
	EndGlobalSection
EndGlobal
